lockfileVersion: 5.3

specifiers:
  '@vitejs/plugin-vue': ^2.3.1
  pixi.js: ^6.3.2
  typescript: ^4.5.4
  vite: ^2.9.7
  vitest: ^0.10.5
  vue: ^3.2.25
  vue-tsc: ^0.34.7

dependencies:
  pixi.js: 6.3.2
  vitest: 0.10.5
  vue: 3.2.33

devDependencies:
  '@vitejs/plugin-vue': 2.3.2_vite@2.9.8+vue@3.2.33
  typescript: 4.6.4
  vite: 2.9.8
  vue-tsc: 0.34.11_typescript@4.6.4

packages:

  /@babel/parser/7.17.10:
    resolution: {integrity: sha512-n2Q6i+fnJqzOaq2VkdXxy2TCPCWQZHiCo0XqmrCvDWcZQKRyZzYi4Z0yxlBuN0w+r2ZHmre+Q087DSrw3pbJDQ==}
    engines: {node: '>=6.0.0'}
    hasBin: true

  /@pixi/accessibility/6.3.2_db7bcbf09922a6df5bc80b2003571857:
    resolution: {integrity: sha512-JLDuSGITGEOmR7s0d1Wxj7a3yIp4hP6w2h6ku6iu3clE/bmVtnvhqMX1D1lhjRW/uWUfpVT4U+8CG+LgSsEZ1g==}
    peerDependencies:
      '@pixi/core': 6.3.2
      '@pixi/display': 6.3.2
      '@pixi/utils': 6.3.2
    dependencies:
      '@pixi/core': 6.3.2_4257bfb9773fb237c7e267d891c82adf
      '@pixi/display': 6.3.2_e7c4c8a08e39c75fae6fa3e48b20e93d
      '@pixi/utils': 6.3.2_cb3fd473ba582823f2dfd3d53c57a4ca
    dev: false

  /@pixi/app/6.3.2_a69016c65fb53ebef8d047ab5aad6bd7:
    resolution: {integrity: sha512-V1jnhL92OPiquXtLxUeSZiVDd1mtjRnYpBKA958w29MrIRBx3Y6dgnvsaFZGGWBvSL//WRYV23iZKVL/jRGmmQ==}
    peerDependencies:
      '@pixi/core': 6.3.2
      '@pixi/display': 6.3.2
    dependencies:
      '@pixi/core': 6.3.2_4257bfb9773fb237c7e267d891c82adf
      '@pixi/display': 6.3.2_e7c4c8a08e39c75fae6fa3e48b20e93d
    dev: false

  /@pixi/compressed-textures/6.3.2_c00c24b49efde91a089ec64c96e5c898:
    resolution: {integrity: sha512-E/T9WsWcTstnCaDo3GQZUsvX2bE1tZwJ+rUVQ6ad+9MLI6mpUKJFUy5XXlnZw0uiKU5Hipi1ASPQ8/EQ7kKebA==}
    peerDependencies:
      '@pixi/constants': 6.3.2
      '@pixi/core': 6.3.2
      '@pixi/loaders': 6.3.2
      '@pixi/utils': 6.3.2
    dependencies:
      '@pixi/constants': 6.3.2
      '@pixi/core': 6.3.2_4257bfb9773fb237c7e267d891c82adf
      '@pixi/loaders': 6.3.2_0a0bbc1ce054ff229190dca69e0494dd
      '@pixi/utils': 6.3.2_cb3fd473ba582823f2dfd3d53c57a4ca
    dev: false

  /@pixi/constants/6.3.2:
    resolution: {integrity: sha512-sUE8QEJNl4vWUybS0YqpVUBWoOyLkr5bSj1+3mpmbWJTMVmLB2voFXo7XpSNCBlLH1SBN5flcgJlUWOCgNyATg==}
    dev: false

  /@pixi/core/6.3.2_4257bfb9773fb237c7e267d891c82adf:
    resolution: {integrity: sha512-91Fw0CbFpPtMKo5TG1wdaZGgR99lX87l15F7kgge7FM7ZR4EghLiJHU8whQ19f/UNOd8AG7mHD84lUB1VXXfoA==}
    peerDependencies:
      '@pixi/constants': 6.3.2
      '@pixi/math': 6.3.2
      '@pixi/runner': 6.3.2
      '@pixi/settings': 6.3.2
      '@pixi/ticker': 6.3.2
      '@pixi/utils': 6.3.2
    dependencies:
      '@pixi/constants': 6.3.2
      '@pixi/math': 6.3.2
      '@pixi/runner': 6.3.2
      '@pixi/settings': 6.3.2
      '@pixi/ticker': 6.3.2_@pixi+settings@6.3.2
      '@pixi/utils': 6.3.2_cb3fd473ba582823f2dfd3d53c57a4ca
      '@types/offscreencanvas': 2019.6.4
    dev: false

  /@pixi/display/6.3.2_e7c4c8a08e39c75fae6fa3e48b20e93d:
    resolution: {integrity: sha512-D+WiM0BcyPK91RYxl7TXXVNz/5lOGs8Q6jtCMcWgTHwCXxWPOHFnNZ4KPJZpUQ7me8Tl2u+c9hfB5Oh1+17r/Q==}
    peerDependencies:
      '@pixi/math': 6.3.2
      '@pixi/settings': 6.3.2
      '@pixi/utils': 6.3.2
    dependencies:
      '@pixi/math': 6.3.2
      '@pixi/settings': 6.3.2
      '@pixi/utils': 6.3.2_cb3fd473ba582823f2dfd3d53c57a4ca
    dev: false

  /@pixi/extract/6.3.2_a5e0e2d02b8d7186ddb66e8a0d7ce194:
    resolution: {integrity: sha512-9DT3EG5dE/+HlSsbWLZ28/+YwGzHwgOPIMLB8AHxDsWYKzDg+SDK53IUE2UIeEiV8AFHwaDT2K+/qPFUUcS0Bw==}
    peerDependencies:
      '@pixi/core': 6.3.2
      '@pixi/math': 6.3.2
      '@pixi/utils': 6.3.2
    dependencies:
      '@pixi/core': 6.3.2_4257bfb9773fb237c7e267d891c82adf
      '@pixi/math': 6.3.2
      '@pixi/utils': 6.3.2_cb3fd473ba582823f2dfd3d53c57a4ca
    dev: false

  /@pixi/filter-alpha/6.3.2_@pixi+core@6.3.2:
    resolution: {integrity: sha512-EhFnGuzUnQ94tosInBlMEOtiDtTAm4ZbWtoSYrH3GP7WORCQB5asWTFsOZv/QxwEbloRbxsDOATVIwS5ZcgNOg==}
    peerDependencies:
      '@pixi/core': 6.3.2
    dependencies:
      '@pixi/core': 6.3.2_4257bfb9773fb237c7e267d891c82adf
    dev: false

  /@pixi/filter-blur/6.3.2_4264d6fdde98fc45cddd22e0ac0b1c96:
    resolution: {integrity: sha512-408Z/Rc2LJRg8AaBfzStAph18G0pT3LdLowdTOqPI2s007jgT7wLr9CyWdRe6DdSmPikgnn50R3QG9YeOPWONw==}
    peerDependencies:
      '@pixi/core': 6.3.2
      '@pixi/settings': 6.3.2
    dependencies:
      '@pixi/core': 6.3.2_4257bfb9773fb237c7e267d891c82adf
      '@pixi/settings': 6.3.2
    dev: false

  /@pixi/filter-color-matrix/6.3.2_@pixi+core@6.3.2:
    resolution: {integrity: sha512-PRrQWRRUJ3qDqHhqYNcZ8H3tjXyFbIoUGdTOgB1uCNBHmzJ7Cirhs4lWYBBTvtduboUSGvLMpkv0sgFwodPw4Q==}
    peerDependencies:
      '@pixi/core': 6.3.2
    dependencies:
      '@pixi/core': 6.3.2_4257bfb9773fb237c7e267d891c82adf
    dev: false

  /@pixi/filter-displacement/6.3.2_0a7e8013810db74228122183c7f764b4:
    resolution: {integrity: sha512-Bda8jY3lVBwlG1GZadYPGXQPO7O+nTt64/KTXQgLtaKB+xj6Me5L7l9IDWtkHEoUTtQK4yCsbkdqKgLKKmNFYg==}
    peerDependencies:
      '@pixi/core': 6.3.2
      '@pixi/math': 6.3.2
    dependencies:
      '@pixi/core': 6.3.2_4257bfb9773fb237c7e267d891c82adf
      '@pixi/math': 6.3.2
    dev: false

  /@pixi/filter-fxaa/6.3.2_@pixi+core@6.3.2:
    resolution: {integrity: sha512-C5Ga5MJlBFoZUa5oOZEsEEByPzpa+JTRVT7+qQ01g4khU1Mnk/p8JvNm6DYUqw9Y821OR80AmHm2O+r5MkLhcQ==}
    peerDependencies:
      '@pixi/core': 6.3.2
    dependencies:
      '@pixi/core': 6.3.2_4257bfb9773fb237c7e267d891c82adf
    dev: false

  /@pixi/filter-noise/6.3.2_@pixi+core@6.3.2:
    resolution: {integrity: sha512-8lZdccDdlKTNktbD+8aeYfceayV6Rzq1P6NLpbvzFZbxH6JoaaNQb2TQgU+Vl/ZcssBB+IJ8MvJZbLuWKC4CmQ==}
    peerDependencies:
      '@pixi/core': 6.3.2
    dependencies:
      '@pixi/core': 6.3.2_4257bfb9773fb237c7e267d891c82adf
    dev: false

  /@pixi/graphics/6.3.2_91c3e6a98984c641b7f084236981bd4d:
    resolution: {integrity: sha512-GaykoXJr0pV0e9TB1yOcgvJf9i/fIF/cgT+DnGz82uninWMo31aFJSvhLbZOcEPQRfdHXdFfUkQAAMTICAp7+Q==}
    peerDependencies:
      '@pixi/constants': 6.3.2
      '@pixi/core': 6.3.2
      '@pixi/display': 6.3.2
      '@pixi/math': 6.3.2
      '@pixi/sprite': 6.3.2
      '@pixi/utils': 6.3.2
    dependencies:
      '@pixi/constants': 6.3.2
      '@pixi/core': 6.3.2_4257bfb9773fb237c7e267d891c82adf
      '@pixi/display': 6.3.2_e7c4c8a08e39c75fae6fa3e48b20e93d
      '@pixi/math': 6.3.2
      '@pixi/sprite': 6.3.2_a9b132a74277d3933ca0f55b2600b29d
      '@pixi/utils': 6.3.2_cb3fd473ba582823f2dfd3d53c57a4ca
    dev: false

  /@pixi/interaction/6.3.2_447a8696a7541776773743f84ebbd865:
    resolution: {integrity: sha512-HZyflufAW1B1cQmQBvzv4IxwcHbqQ0zhHiabSVtwPUHW/nCSpw09hL+k4HR/aFyCdRI/99JcvW5QJp1ldA6OBw==}
    peerDependencies:
      '@pixi/core': 6.3.2
      '@pixi/display': 6.3.2
      '@pixi/math': 6.3.2
      '@pixi/ticker': 6.3.2
      '@pixi/utils': 6.3.2
    dependencies:
      '@pixi/core': 6.3.2_4257bfb9773fb237c7e267d891c82adf
      '@pixi/display': 6.3.2_e7c4c8a08e39c75fae6fa3e48b20e93d
      '@pixi/math': 6.3.2
      '@pixi/ticker': 6.3.2_@pixi+settings@6.3.2
      '@pixi/utils': 6.3.2_cb3fd473ba582823f2dfd3d53c57a4ca
    dev: false

  /@pixi/loaders/6.3.2_0a0bbc1ce054ff229190dca69e0494dd:
    resolution: {integrity: sha512-kkm1pynWTslQsh+h+Tw17MdeRMQ37Ht72xiZetyWbxadRAnzj+x1I9juEKEFK62mw8K/bGBcNPhu7edgmQwkvw==}
    peerDependencies:
      '@pixi/constants': 6.3.2
      '@pixi/core': 6.3.2
      '@pixi/utils': 6.3.2
    dependencies:
      '@pixi/constants': 6.3.2
      '@pixi/core': 6.3.2_4257bfb9773fb237c7e267d891c82adf
      '@pixi/utils': 6.3.2_cb3fd473ba582823f2dfd3d53c57a4ca
    dev: false

  /@pixi/math/6.3.2:
    resolution: {integrity: sha512-REXrCKQaT2shJ3p2Rpq1ZYV4iUeAOUFKnLN2KteQWtB5HQpB8b+w5xBGI+TcnY0FUhx92fbKPYTTvCftNZF4Jw==}
    dev: false

  /@pixi/mesh-extras/6.3.2_47b73efbf373190e82ef014a2149b8bf:
    resolution: {integrity: sha512-lODKYkoHqynMK8QxE9ttZ1D+3LnHFG13YL4Yf1W9MGgy1N9G0E5DNB8/Z1BApbRxnRPRg8fsoP2bk5Bn9boWyw==}
    peerDependencies:
      '@pixi/constants': 6.3.2
      '@pixi/core': 6.3.2
      '@pixi/math': 6.3.2
      '@pixi/mesh': 6.3.2
      '@pixi/utils': 6.3.2
    dependencies:
      '@pixi/constants': 6.3.2
      '@pixi/core': 6.3.2_4257bfb9773fb237c7e267d891c82adf
      '@pixi/math': 6.3.2
      '@pixi/mesh': 6.3.2_a9b132a74277d3933ca0f55b2600b29d
      '@pixi/utils': 6.3.2_cb3fd473ba582823f2dfd3d53c57a4ca
    dev: false

  /@pixi/mesh/6.3.2_a9b132a74277d3933ca0f55b2600b29d:
    resolution: {integrity: sha512-zhfagRDGkJx+H4a+Im3wQbCeS0Av1FyHzvPeBXXQ7LP/giwTnvJhItlhGMwgFllNEAIB47An0ffFEe5CmTcyKw==}
    peerDependencies:
      '@pixi/constants': 6.3.2
      '@pixi/core': 6.3.2
      '@pixi/display': 6.3.2
      '@pixi/math': 6.3.2
      '@pixi/settings': 6.3.2
      '@pixi/utils': 6.3.2
    dependencies:
      '@pixi/constants': 6.3.2
      '@pixi/core': 6.3.2_4257bfb9773fb237c7e267d891c82adf
      '@pixi/display': 6.3.2_e7c4c8a08e39c75fae6fa3e48b20e93d
      '@pixi/math': 6.3.2
      '@pixi/settings': 6.3.2
      '@pixi/utils': 6.3.2_cb3fd473ba582823f2dfd3d53c57a4ca
    dev: false

  /@pixi/mixin-cache-as-bitmap/6.3.2_ef2da6c9cbdb9c11512f0f717461a877:
    resolution: {integrity: sha512-Obqnf3Y2JBOtdewkaGb2oa8SDw3+JZCaOB+x0+pBqDivXpwX2eibS4PaYuGVTIa9FdcrGm9SyLOQlL5irEeEqA==}
    peerDependencies:
      '@pixi/core': 6.3.2
      '@pixi/display': 6.3.2
      '@pixi/math': 6.3.2
      '@pixi/settings': 6.3.2
      '@pixi/sprite': 6.3.2
      '@pixi/utils': 6.3.2
    dependencies:
      '@pixi/core': 6.3.2_4257bfb9773fb237c7e267d891c82adf
      '@pixi/display': 6.3.2_e7c4c8a08e39c75fae6fa3e48b20e93d
      '@pixi/math': 6.3.2
      '@pixi/settings': 6.3.2
      '@pixi/sprite': 6.3.2_a9b132a74277d3933ca0f55b2600b29d
      '@pixi/utils': 6.3.2_cb3fd473ba582823f2dfd3d53c57a4ca
    dev: false

  /@pixi/mixin-get-child-by-name/6.3.2_@pixi+display@6.3.2:
    resolution: {integrity: sha512-R6RJzd1aQ5up5N7uO0boOp99gkSZVEbYKofJNRn1pFdzOmuVCgSqERAv9pQnjp5bBD8JvcKN+PYHPn+k+nTprQ==}
    peerDependencies:
      '@pixi/display': 6.3.2
    dependencies:
      '@pixi/display': 6.3.2_e7c4c8a08e39c75fae6fa3e48b20e93d
    dev: false

  /@pixi/mixin-get-global-position/6.3.2_0ee9dbe38ff361ef9bd906e815391118:
    resolution: {integrity: sha512-R7F1sH68fiIvB723doEzE0+k8OfhM5N0H+Ncp8iwLwXxfUDSHVj40nIngMtdK4bLSk29TTczOeXOzXkOAEVXhA==}
    peerDependencies:
      '@pixi/display': 6.3.2
      '@pixi/math': 6.3.2
    dependencies:
      '@pixi/display': 6.3.2_e7c4c8a08e39c75fae6fa3e48b20e93d
      '@pixi/math': 6.3.2
    dev: false

  /@pixi/particle-container/6.3.2_08d2fb50a3494898be2cd0ac91db5428:
    resolution: {integrity: sha512-iEHtE2AWQ0NZxv57VzfsBbEEp5WXAt91+l2lNvXf1SbzEm/bqjE56Q5bftx9tl3MJlDmOEfPzzKSwIUcZT+T6w==}
    peerDependencies:
      '@pixi/constants': 6.3.2
      '@pixi/core': 6.3.2
      '@pixi/display': 6.3.2
      '@pixi/math': 6.3.2
      '@pixi/utils': 6.3.2
    dependencies:
      '@pixi/constants': 6.3.2
      '@pixi/core': 6.3.2_4257bfb9773fb237c7e267d891c82adf
      '@pixi/display': 6.3.2_e7c4c8a08e39c75fae6fa3e48b20e93d
      '@pixi/math': 6.3.2
      '@pixi/utils': 6.3.2_cb3fd473ba582823f2dfd3d53c57a4ca
    dev: false

  /@pixi/polyfill/6.3.2:
    resolution: {integrity: sha512-LTKqL/de7TrBoJNh9netkQofwGBIO3NwwQbqBmP6rHXeaHBx9904Pkuf7GJspIFY09TOo5fnctYnJ1F7LfTljg==}
    dependencies:
      object-assign: 4.1.1
      promise-polyfill: 8.2.3
    dev: false

  /@pixi/prepare/6.3.2_7b8060906a5d8bc45d317bac529187d6:
    resolution: {integrity: sha512-HFV0jUgr5arNBlgctTRqMCgG42vq48J9QLBCZMCRObJQC5325nEXC1toeEekdzqNcGu5bO8/GKeb6+Km2XK2qA==}
    peerDependencies:
      '@pixi/core': 6.3.2
      '@pixi/display': 6.3.2
      '@pixi/graphics': 6.3.2
      '@pixi/settings': 6.3.2
      '@pixi/text': 6.3.2
      '@pixi/ticker': 6.3.2
    dependencies:
      '@pixi/core': 6.3.2_4257bfb9773fb237c7e267d891c82adf
      '@pixi/display': 6.3.2_e7c4c8a08e39c75fae6fa3e48b20e93d
      '@pixi/graphics': 6.3.2_91c3e6a98984c641b7f084236981bd4d
      '@pixi/settings': 6.3.2
      '@pixi/text': 6.3.2_5925f19be581b802712b1aaae0d5afa7
      '@pixi/ticker': 6.3.2_@pixi+settings@6.3.2
    dev: false

  /@pixi/runner/6.3.2:
    resolution: {integrity: sha512-Sspv4VTiV51GwoIg+WudHZHpT3ad5ukW20OLOR+eDOSLbgQEMfj4cTVRg27TvM/QZ/5LxeN3FqwWV+kiWpqCnw==}
    dev: false

  /@pixi/settings/6.3.2:
    resolution: {integrity: sha512-i5cLDUWFnRub3LPa3x7IzkH8MjSwPHyHWzIZKG5t8RiCfbhVfhWGEdKO9AYp8yO/xcf7AqtPK4mikXziL48tXA==}
    dependencies:
      ismobilejs: 1.1.1
    dev: false

  /@pixi/sprite-animated/6.3.2_aa4c3e73f713f81856b07b197ed3c5bc:
    resolution: {integrity: sha512-fSY64i5BqbOmtFKhgOWf9iML4gId7l5hcniUT/s95+eIZiyYss+jxeekVH22DrAyCOAIdsLEClvGCHGj8iXTFw==}
    peerDependencies:
      '@pixi/core': 6.3.2
      '@pixi/sprite': 6.3.2
      '@pixi/ticker': 6.3.2
    dependencies:
      '@pixi/core': 6.3.2_4257bfb9773fb237c7e267d891c82adf
      '@pixi/sprite': 6.3.2_a9b132a74277d3933ca0f55b2600b29d
      '@pixi/ticker': 6.3.2_@pixi+settings@6.3.2
    dev: false

  /@pixi/sprite-tiling/6.3.2_91c3e6a98984c641b7f084236981bd4d:
    resolution: {integrity: sha512-13zsz0xyxMvobEaSXQghSD44+MpSwpbQJYjPVPb7ItqETqQBaZgHpC5uF6vxFR6Hou8Ca8laxRuwgpn3lA095g==}
    peerDependencies:
      '@pixi/constants': 6.3.2
      '@pixi/core': 6.3.2
      '@pixi/display': 6.3.2
      '@pixi/math': 6.3.2
      '@pixi/sprite': 6.3.2
      '@pixi/utils': 6.3.2
    dependencies:
      '@pixi/constants': 6.3.2
      '@pixi/core': 6.3.2_4257bfb9773fb237c7e267d891c82adf
      '@pixi/display': 6.3.2_e7c4c8a08e39c75fae6fa3e48b20e93d
      '@pixi/math': 6.3.2
      '@pixi/sprite': 6.3.2_a9b132a74277d3933ca0f55b2600b29d
      '@pixi/utils': 6.3.2_cb3fd473ba582823f2dfd3d53c57a4ca
    dev: false

  /@pixi/sprite/6.3.2_a9b132a74277d3933ca0f55b2600b29d:
    resolution: {integrity: sha512-T1KJ8l2f8Otn6Se6h4b2pz2nrUSe59Pnmj2WIzgBisM245h7dGATs05MisMaLV6Lg/3gTBTxsLBmKsbDSQqbNw==}
    peerDependencies:
      '@pixi/constants': 6.3.2
      '@pixi/core': 6.3.2
      '@pixi/display': 6.3.2
      '@pixi/math': 6.3.2
      '@pixi/settings': 6.3.2
      '@pixi/utils': 6.3.2
    dependencies:
      '@pixi/constants': 6.3.2
      '@pixi/core': 6.3.2_4257bfb9773fb237c7e267d891c82adf
      '@pixi/display': 6.3.2_e7c4c8a08e39c75fae6fa3e48b20e93d
      '@pixi/math': 6.3.2
      '@pixi/settings': 6.3.2
      '@pixi/utils': 6.3.2_cb3fd473ba582823f2dfd3d53c57a4ca
    dev: false

  /@pixi/spritesheet/6.3.2_8d031731e4641eaf695aec173f39f3f5:
    resolution: {integrity: sha512-OCi2BUqcBbh2vvbrnLLBOwxFZMQS+rvjW3udBUNbbqUL+NHy74w8N5Ed8pcxXpdfHbApGG6TVJprCGahtmEfJw==}
    peerDependencies:
      '@pixi/core': 6.3.2
      '@pixi/loaders': 6.3.2
      '@pixi/math': 6.3.2
      '@pixi/utils': 6.3.2
    dependencies:
      '@pixi/core': 6.3.2_4257bfb9773fb237c7e267d891c82adf
      '@pixi/loaders': 6.3.2_0a0bbc1ce054ff229190dca69e0494dd
      '@pixi/math': 6.3.2
      '@pixi/utils': 6.3.2_cb3fd473ba582823f2dfd3d53c57a4ca
    dev: false

  /@pixi/text-bitmap/6.3.2_73541f84af5a3f47a48303c3389bd8fd:
    resolution: {integrity: sha512-jvMeIxoAGDlSn5rHimISI9F6fTk8D+GXG0YQraRT9oXb1Ugy/bFJph3XOTe46s4oZ5R5QeCLQmo6k7TUIvbSkA==}
    peerDependencies:
      '@pixi/constants': 6.3.2
      '@pixi/core': 6.3.2
      '@pixi/display': 6.3.2
      '@pixi/loaders': 6.3.2
      '@pixi/math': 6.3.2
      '@pixi/mesh': 6.3.2
      '@pixi/settings': 6.3.2
      '@pixi/text': 6.3.2
      '@pixi/utils': 6.3.2
    dependencies:
      '@pixi/constants': 6.3.2
      '@pixi/core': 6.3.2_4257bfb9773fb237c7e267d891c82adf
      '@pixi/display': 6.3.2_e7c4c8a08e39c75fae6fa3e48b20e93d
      '@pixi/loaders': 6.3.2_0a0bbc1ce054ff229190dca69e0494dd
      '@pixi/math': 6.3.2
      '@pixi/mesh': 6.3.2_a9b132a74277d3933ca0f55b2600b29d
      '@pixi/settings': 6.3.2
      '@pixi/text': 6.3.2_5925f19be581b802712b1aaae0d5afa7
      '@pixi/utils': 6.3.2_cb3fd473ba582823f2dfd3d53c57a4ca
    dev: false

  /@pixi/text/6.3.2_5925f19be581b802712b1aaae0d5afa7:
    resolution: {integrity: sha512-YiPnUBmgZ0WzF0+XMm07iRg0jOyPbIjGmXJ+1srU5L9c3cCzvtg5QuYL0lPHS0Z6gyxhj/6ncePhBGO87RIKnA==}
    peerDependencies:
      '@pixi/core': 6.3.2
      '@pixi/math': 6.3.2
      '@pixi/settings': 6.3.2
      '@pixi/sprite': 6.3.2
      '@pixi/utils': 6.3.2
    dependencies:
      '@pixi/core': 6.3.2_4257bfb9773fb237c7e267d891c82adf
      '@pixi/math': 6.3.2
      '@pixi/settings': 6.3.2
      '@pixi/sprite': 6.3.2_a9b132a74277d3933ca0f55b2600b29d
      '@pixi/utils': 6.3.2_cb3fd473ba582823f2dfd3d53c57a4ca
    dev: false

  /@pixi/ticker/6.3.2_@pixi+settings@6.3.2:
    resolution: {integrity: sha512-Au9IO85zCOOCz50aJALFxJ2C8gbgxvD0dSNm7A5FauanJbxDcctIyrW6I51nNyHyeLIUFEkuD2jE/DmcXsXnpw==}
    peerDependencies:
      '@pixi/settings': 6.3.2
    dependencies:
      '@pixi/settings': 6.3.2
    dev: false

  /@pixi/utils/6.3.2_cb3fd473ba582823f2dfd3d53c57a4ca:
    resolution: {integrity: sha512-VpB403kfqwXK9w7Qb6ex0aW0g6pWI/t43F2Z8CA/lAfYcN3O0XoxDucvmkLTQWsMtYn+Yf7YhAcLV5SemKwP0A==}
    peerDependencies:
      '@pixi/constants': 6.3.2
      '@pixi/settings': 6.3.2
    dependencies:
      '@pixi/constants': 6.3.2
      '@pixi/settings': 6.3.2
      '@types/earcut': 2.1.1
      earcut: 2.2.3
      eventemitter3: 3.1.2
      url: 0.11.0
    dev: false

  /@types/chai-subset/1.3.3:
    resolution: {integrity: sha512-frBecisrNGz+F4T6bcc+NLeolfiojh5FxW2klu669+8BARtyQv2C/GkNW6FUodVe4BroGMP/wER/YDGc7rEllw==}
    dependencies:
      '@types/chai': 4.3.1
    dev: false

  /@types/chai/4.3.1:
    resolution: {integrity: sha512-/zPMqDkzSZ8t3VtxOa4KPq7uzzW978M9Tvh+j7GHKuo6k6GTLxPJ4J5gE5cjfJ26pnXst0N5Hax8Sr0T2Mi9zQ==}
    dev: false

  /@types/earcut/2.1.1:
    resolution: {integrity: sha512-w8oigUCDjElRHRRrMvn/spybSMyX8MTkKA5Dv+tS1IE/TgmNZPqUYtvYBXGY8cieSE66gm+szeK+bnbxC2xHTQ==}
    dev: false

  /@types/offscreencanvas/2019.6.4:
    resolution: {integrity: sha512-u8SAgdZ8ROtkTF+mfZGOscl0or6BSj9A4g37e6nvxDc+YB/oDut0wHkK2PBBiC2bNR8TS0CPV+1gAk4fNisr1Q==}
    dev: false

  /@vitejs/plugin-vue/2.3.2_vite@2.9.8+vue@3.2.33:
    resolution: {integrity: sha512-umyypfSHS4kQLdYAnJHhaASq7FRzNCdvcRoQ3uYGNk1/M4a+hXUd7ysN7BLhCrWH6uBokyCkFeUAaFDzSaaSrQ==}
    engines: {node: '>=12.0.0'}
    peerDependencies:
      vite: ^2.5.10
      vue: ^3.2.25
    dependencies:
      vite: 2.9.8
      vue: 3.2.33
    dev: true

  /@volar/code-gen/0.34.11:
    resolution: {integrity: sha512-A4w+y+zP8qCDFyZ0KIm2oydRerp14a+IAYXro9wLt0LLvvqUGHEu/6y87uAj6TDqiX4OL/W8r1cEdhOJqFrBlA==}
    dependencies:
      '@volar/source-map': 0.34.11
    dev: true

  /@volar/source-map/0.34.11:
    resolution: {integrity: sha512-ZsNZqFPUDDL1y6hK0ok7EriFb3CnCeapTLQrziTAbi3yOhcE4yM4G59XtRzc1i9EB+RXscm9a6Q6TgzD5KvoeA==}
    dev: true

  /@volar/vue-code-gen/0.34.11:
    resolution: {integrity: sha512-r/tnLd1eyy/PI0fBUYU7hKXkCyHb0JqBidTiADrazzkYMraRcwL6JNLOj/D7Pk75W0ObzlMUfHJdrAuxKvAHRg==}
    dependencies:
      '@volar/code-gen': 0.34.11
      '@volar/source-map': 0.34.11
      '@vue/compiler-core': 3.2.33
      '@vue/compiler-dom': 3.2.33
      '@vue/shared': 3.2.33
    dev: true

  /@volar/vue-typescript/0.34.11:
    resolution: {integrity: sha512-pZkIeCPIjRRc/Oj9uxyOk6UvE43ecD71B/CSbmtiMU9sqrSwpP8cdDr/B/cqm1jwebkChTaa1gLodNHS8BOLuw==}
    dependencies:
      '@volar/code-gen': 0.34.11
      '@volar/source-map': 0.34.11
      '@volar/vue-code-gen': 0.34.11
      '@vue/compiler-sfc': 3.2.33
      '@vue/reactivity': 3.2.33
    dev: true

  /@vue/compiler-core/3.2.33:
    resolution: {integrity: sha512-AAmr52ji3Zhk7IKIuigX2osWWsb2nQE5xsdFYjdnmtQ4gymmqXbjLvkSE174+fF3A3kstYrTgGkqgOEbsdLDpw==}
    dependencies:
      '@babel/parser': 7.17.10
      '@vue/shared': 3.2.33
      estree-walker: 2.0.2
      source-map: 0.6.1

  /@vue/compiler-dom/3.2.33:
    resolution: {integrity: sha512-GhiG1C8X98Xz9QUX/RlA6/kgPBWJkjq0Rq6//5XTAGSYrTMBgcLpP9+CnlUg1TFxnnCVughAG+KZl28XJqw8uQ==}
    dependencies:
      '@vue/compiler-core': 3.2.33
      '@vue/shared': 3.2.33

  /@vue/compiler-sfc/3.2.33:
    resolution: {integrity: sha512-H8D0WqagCr295pQjUYyO8P3IejM3vEzeCO1apzByAEaAR/WimhMYczHfZVvlCE/9yBaEu/eu9RdiWr0kF8b71Q==}
    dependencies:
      '@babel/parser': 7.17.10
      '@vue/compiler-core': 3.2.33
      '@vue/compiler-dom': 3.2.33
      '@vue/compiler-ssr': 3.2.33
      '@vue/reactivity-transform': 3.2.33
      '@vue/shared': 3.2.33
      estree-walker: 2.0.2
      magic-string: 0.25.9
      postcss: 8.4.13
      source-map: 0.6.1

  /@vue/compiler-ssr/3.2.33:
    resolution: {integrity: sha512-XQh1Xdk3VquDpXsnoCd7JnMoWec9CfAzQDQsaMcSU79OrrO2PNR0ErlIjm/mGq3GmBfkQjzZACV+7GhfRB8xMQ==}
    dependencies:
      '@vue/compiler-dom': 3.2.33
      '@vue/shared': 3.2.33

  /@vue/reactivity-transform/3.2.33:
    resolution: {integrity: sha512-4UL5KOIvSQb254aqenW4q34qMXbfZcmEsV/yVidLUgvwYQQ/D21bGX3DlgPUGI3c4C+iOnNmDCkIxkILoX/Pyw==}
    dependencies:
      '@babel/parser': 7.17.10
      '@vue/compiler-core': 3.2.33
      '@vue/shared': 3.2.33
      estree-walker: 2.0.2
      magic-string: 0.25.9

  /@vue/reactivity/3.2.33:
    resolution: {integrity: sha512-62Sq0mp9/0bLmDuxuLD5CIaMG2susFAGARLuZ/5jkU1FCf9EDbwUuF+BO8Ub3Rbodx0ziIecM/NsmyjardBxfQ==}
    dependencies:
      '@vue/shared': 3.2.33

  /@vue/runtime-core/3.2.33:
    resolution: {integrity: sha512-N2D2vfaXsBPhzCV3JsXQa2NECjxP3eXgZlFqKh4tgakp3iX6LCGv76DLlc+IfFZq+TW10Y8QUfeihXOupJ1dGw==}
    dependencies:
      '@vue/reactivity': 3.2.33
      '@vue/shared': 3.2.33
    dev: false

  /@vue/runtime-dom/3.2.33:
    resolution: {integrity: sha512-LSrJ6W7CZTSUygX5s8aFkraDWlO6K4geOwA3quFF2O+hC3QuAMZt/0Xb7JKE3C4JD4pFwCSO7oCrZmZ0BIJUnw==}
    dependencies:
      '@vue/runtime-core': 3.2.33
      '@vue/shared': 3.2.33
      csstype: 2.6.20
    dev: false

  /@vue/server-renderer/3.2.33_vue@3.2.33:
    resolution: {integrity: sha512-4jpJHRD4ORv8PlbYi+/MfP8ec1okz6rybe36MdpkDrGIdEItHEUyaHSKvz+ptNEyQpALmmVfRteHkU9F8vxOew==}
    peerDependencies:
      vue: 3.2.33
    dependencies:
      '@vue/compiler-ssr': 3.2.33
      '@vue/shared': 3.2.33
      vue: 3.2.33
    dev: false

  /@vue/shared/3.2.33:
    resolution: {integrity: sha512-UBc1Pg1T3yZ97vsA2ueER0F6GbJebLHYlEi4ou1H5YL4KWvMOOWwpYo9/QpWq93wxKG6Wo13IY74Hcn/f7c7Bg==}

  /assertion-error/1.1.0:
    resolution: {integrity: sha512-jgsaNduz+ndvGyFt3uSuWqvy4lCnIJiovtouQN5JZHOKCS2QuhEdbcQHFhVksz2N2U9hXJo8odG7ETyWlEeuDw==}
    dev: false

  /chai/4.3.6:
    resolution: {integrity: sha512-bbcp3YfHCUzMOvKqsztczerVgBKSsEijCySNlHHbX3VG1nskvqjz5Rfso1gGwD6w6oOV3eI60pKuMOV5MV7p3Q==}
    engines: {node: '>=4'}
    dependencies:
      assertion-error: 1.1.0
      check-error: 1.0.2
      deep-eql: 3.0.1
      get-func-name: 2.0.0
      loupe: 2.3.4
      pathval: 1.1.1
      type-detect: 4.0.8
    dev: false

  /check-error/1.0.2:
    resolution: {integrity: sha1-V00xLt2Iu13YkS6Sht1sCu1KrII=}
    dev: false

  /csstype/2.6.20:
    resolution: {integrity: sha512-/WwNkdXfckNgw6S5R125rrW8ez139lBHWouiBvX8dfMFtcn6V81REDqnH7+CRpRipfYlyU1CmOnOxrmGcFOjeA==}
    dev: false

  /deep-eql/3.0.1:
    resolution: {integrity: sha512-+QeIQyN5ZuO+3Uk5DYh6/1eKO0m0YmJFGNmFHGACpf1ClL1nmlV/p4gNgbl2pJGxgXb4faqo6UE+M5ACEMyVcw==}
    engines: {node: '>=0.12'}
    dependencies:
      type-detect: 4.0.8
    dev: false

  /earcut/2.2.3:
    resolution: {integrity: sha512-iRDI1QeCQIhMCZk48DRDMVgQSSBDmbzzNhnxIo+pwx3swkfjMh6vh0nWLq1NdvGHLKH6wIrAM3vQWeTj6qeoug==}
    dev: false

  /esbuild-android-64/0.14.38:
    resolution: {integrity: sha512-aRFxR3scRKkbmNuGAK+Gee3+yFxkTJO/cx83Dkyzo4CnQl/2zVSurtG6+G86EQIZ+w+VYngVyK7P3HyTBKu3nw==}
    engines: {node: '>=12'}
    cpu: [x64]
    os: [android]
    requiresBuild: true
    optional: true

  /esbuild-android-arm64/0.14.38:
    resolution: {integrity: sha512-L2NgQRWuHFI89IIZIlpAcINy9FvBk6xFVZ7xGdOwIm8VyhX1vNCEqUJO3DPSSy945Gzdg98cxtNt8Grv1CsyhA==}
    engines: {node: '>=12'}
    cpu: [arm64]
    os: [android]
    requiresBuild: true
    optional: true

  /esbuild-darwin-64/0.14.38:
    resolution: {integrity: sha512-5JJvgXkX87Pd1Og0u/NJuO7TSqAikAcQQ74gyJ87bqWRVeouky84ICoV4sN6VV53aTW+NE87qLdGY4QA2S7KNA==}
    engines: {node: '>=12'}
    cpu: [x64]
    os: [darwin]
    requiresBuild: true
    optional: true

  /esbuild-darwin-arm64/0.14.38:
    resolution: {integrity: sha512-eqF+OejMI3mC5Dlo9Kdq/Ilbki9sQBw3QlHW3wjLmsLh+quNfHmGMp3Ly1eWm981iGBMdbtSS9+LRvR2T8B3eQ==}
    engines: {node: '>=12'}
    cpu: [arm64]
    os: [darwin]
    requiresBuild: true
    optional: true

  /esbuild-freebsd-64/0.14.38:
    resolution: {integrity: sha512-epnPbhZUt93xV5cgeY36ZxPXDsQeO55DppzsIgWM8vgiG/Rz+qYDLmh5ts3e+Ln1wA9dQ+nZmVHw+RjaW3I5Ig==}
    engines: {node: '>=12'}
    cpu: [x64]
    os: [freebsd]
    requiresBuild: true
    optional: true

  /esbuild-freebsd-arm64/0.14.38:
    resolution: {integrity: sha512-/9icXUYJWherhk+y5fjPI5yNUdFPtXHQlwP7/K/zg8t8lQdHVj20SqU9/udQmeUo5pDFHMYzcEFfJqgOVeKNNQ==}
    engines: {node: '>=12'}
    cpu: [arm64]
    os: [freebsd]
    requiresBuild: true
    optional: true

  /esbuild-linux-32/0.14.38:
    resolution: {integrity: sha512-QfgfeNHRFvr2XeHFzP8kOZVnal3QvST3A0cgq32ZrHjSMFTdgXhMhmWdKzRXP/PKcfv3e2OW9tT9PpcjNvaq6g==}
    engines: {node: '>=12'}
    cpu: [ia32]
    os: [linux]
    requiresBuild: true
    optional: true

  /esbuild-linux-64/0.14.38:
    resolution: {integrity: sha512-uuZHNmqcs+Bj1qiW9k/HZU3FtIHmYiuxZ/6Aa+/KHb/pFKr7R3aVqvxlAudYI9Fw3St0VCPfv7QBpUITSmBR1Q==}
    engines: {node: '>=12'}
    cpu: [x64]
    os: [linux]
    requiresBuild: true
    optional: true

  /esbuild-linux-arm/0.14.38:
    resolution: {integrity: sha512-FiFvQe8J3VKTDXG01JbvoVRXQ0x6UZwyrU4IaLBZeq39Bsbatd94Fuc3F1RGqPF5RbIWW7RvkVQjn79ejzysnA==}
    engines: {node: '>=12'}
    cpu: [arm]
    os: [linux]
    requiresBuild: true
    optional: true

  /esbuild-linux-arm64/0.14.38:
    resolution: {integrity: sha512-HlMGZTEsBrXrivr64eZ/EO0NQM8H8DuSENRok9d+Jtvq8hOLzrxfsAT9U94K3KOGk2XgCmkaI2KD8hX7F97lvA==}
    engines: {node: '>=12'}
    cpu: [arm64]
    os: [linux]
    requiresBuild: true
    optional: true

  /esbuild-linux-mips64le/0.14.38:
    resolution: {integrity: sha512-qd1dLf2v7QBiI5wwfil9j0HG/5YMFBAmMVmdeokbNAMbcg49p25t6IlJFXAeLzogv1AvgaXRXvgFNhScYEUXGQ==}
    engines: {node: '>=12'}
    cpu: [mips64el]
    os: [linux]
    requiresBuild: true
    optional: true

  /esbuild-linux-ppc64le/0.14.38:
    resolution: {integrity: sha512-mnbEm7o69gTl60jSuK+nn+pRsRHGtDPfzhrqEUXyCl7CTOCLtWN2bhK8bgsdp6J/2NyS/wHBjs1x8aBWwP2X9Q==}
    engines: {node: '>=12'}
    cpu: [ppc64]
    os: [linux]
    requiresBuild: true
    optional: true

  /esbuild-linux-riscv64/0.14.38:
    resolution: {integrity: sha512-+p6YKYbuV72uikChRk14FSyNJZ4WfYkffj6Af0/Tw63/6TJX6TnIKE+6D3xtEc7DeDth1fjUOEqm+ApKFXbbVQ==}
    engines: {node: '>=12'}
    cpu: [riscv64]
    os: [linux]
    requiresBuild: true
    optional: true

  /esbuild-linux-s390x/0.14.38:
    resolution: {integrity: sha512-0zUsiDkGJiMHxBQ7JDU8jbaanUY975CdOW1YDrurjrM0vWHfjv9tLQsW9GSyEb/heSK1L5gaweRjzfUVBFoybQ==}
    engines: {node: '>=12'}
    cpu: [s390x]
    os: [linux]
    requiresBuild: true
    optional: true

  /esbuild-netbsd-64/0.14.38:
    resolution: {integrity: sha512-cljBAApVwkpnJZfnRVThpRBGzCi+a+V9Ofb1fVkKhtrPLDYlHLrSYGtmnoTVWDQdU516qYI8+wOgcGZ4XIZh0Q==}
    engines: {node: '>=12'}
    cpu: [x64]
    os: [netbsd]
    requiresBuild: true
    optional: true

  /esbuild-openbsd-64/0.14.38:
    resolution: {integrity: sha512-CDswYr2PWPGEPpLDUO50mL3WO/07EMjnZDNKpmaxUPsrW+kVM3LoAqr/CE8UbzugpEiflYqJsGPLirThRB18IQ==}
    engines: {node: '>=12'}
    cpu: [x64]
    os: [openbsd]
    requiresBuild: true
    optional: true

  /esbuild-sunos-64/0.14.38:
    resolution: {integrity: sha512-2mfIoYW58gKcC3bck0j7lD3RZkqYA7MmujFYmSn9l6TiIcAMpuEvqksO+ntBgbLep/eyjpgdplF7b+4T9VJGOA==}
    engines: {node: '>=12'}
    cpu: [x64]
    os: [sunos]
    requiresBuild: true
    optional: true

  /esbuild-windows-32/0.14.38:
    resolution: {integrity: sha512-L2BmEeFZATAvU+FJzJiRLFUP+d9RHN+QXpgaOrs2klshoAm1AE6Us4X6fS9k33Uy5SzScn2TpcgecbqJza1Hjw==}
    engines: {node: '>=12'}
    cpu: [ia32]
    os: [win32]
    requiresBuild: true
    optional: true

  /esbuild-windows-64/0.14.38:
    resolution: {integrity: sha512-Khy4wVmebnzue8aeSXLC+6clo/hRYeNIm0DyikoEqX+3w3rcvrhzpoix0S+MF9vzh6JFskkIGD7Zx47ODJNyCw==}
    engines: {node: '>=12'}
    cpu: [x64]
    os: [win32]
    requiresBuild: true
    optional: true

  /esbuild-windows-arm64/0.14.38:
    resolution: {integrity: sha512-k3FGCNmHBkqdJXuJszdWciAH77PukEyDsdIryEHn9cKLQFxzhT39dSumeTuggaQcXY57UlmLGIkklWZo2qzHpw==}
    engines: {node: '>=12'}
    cpu: [arm64]
    os: [win32]
    requiresBuild: true
    optional: true

  /esbuild/0.14.38:
    resolution: {integrity: sha512-12fzJ0fsm7gVZX1YQ1InkOE5f9Tl7cgf6JPYXRJtPIoE0zkWAbHdPHVPPaLi9tYAcEBqheGzqLn/3RdTOyBfcA==}
    engines: {node: '>=12'}
    hasBin: true
    requiresBuild: true
    optionalDependencies:
      esbuild-android-64: 0.14.38
      esbuild-android-arm64: 0.14.38
      esbuild-darwin-64: 0.14.38
      esbuild-darwin-arm64: 0.14.38
      esbuild-freebsd-64: 0.14.38
      esbuild-freebsd-arm64: 0.14.38
      esbuild-linux-32: 0.14.38
      esbuild-linux-64: 0.14.38
      esbuild-linux-arm: 0.14.38
      esbuild-linux-arm64: 0.14.38
      esbuild-linux-mips64le: 0.14.38
      esbuild-linux-ppc64le: 0.14.38
      esbuild-linux-riscv64: 0.14.38
      esbuild-linux-s390x: 0.14.38
      esbuild-netbsd-64: 0.14.38
      esbuild-openbsd-64: 0.14.38
      esbuild-sunos-64: 0.14.38
      esbuild-windows-32: 0.14.38
      esbuild-windows-64: 0.14.38
      esbuild-windows-arm64: 0.14.38

  /estree-walker/2.0.2:
    resolution: {integrity: sha512-Rfkk/Mp/DL7JVje3u18FxFujQlTNR2q6QfMSMB7AvCBx91NGj/ba3kCfza0f6dVDbw7YlRf/nDrn7pQrCCyQ/w==}

  /eventemitter3/3.1.2:
    resolution: {integrity: sha512-tvtQIeLVHjDkJYnzf2dgVMxfuSGJeM/7UCG17TT4EumTfNtF+0nebF/4zWOIkCreAbtNqhGEboB6BWrwqNaw4Q==}
    dev: false

  /fsevents/2.3.2:
    resolution: {integrity: sha512-xiqMQR4xAeHTuB9uWm+fFRcIOgKBMiOBP+eXiyT7jsgVCq1bkVygt00oASowB7EdtpOHaaPgKt812P9ab+DDKA==}
    engines: {node: ^8.16.0 || ^10.6.0 || >=11.0.0}
    os: [darwin]
    requiresBuild: true
    optional: true

  /function-bind/1.1.1:
    resolution: {integrity: sha512-yIovAzMX49sF8Yl58fSCWJ5svSLuaibPxXQJFLmBObTuCr0Mf1KiPopGM9NiFjiYBCbfaa2Fh6breQ6ANVTI0A==}

  /get-func-name/2.0.0:
    resolution: {integrity: sha1-6td0q+5y4gQJQzoGY2YCPdaIekE=}
    dev: false

  /has/1.0.3:
    resolution: {integrity: sha512-f2dvO0VU6Oej7RkWJGrehjbzMAjFp5/VKPp5tTpWIV4JHHZK1/BxbFRtf/siA2SWTe09caDmVtYYzWEIbBS4zw==}
    engines: {node: '>= 0.4.0'}
    dependencies:
      function-bind: 1.1.1

  /is-core-module/2.9.0:
    resolution: {integrity: sha512-+5FPy5PnwmO3lvfMb0AsoPaBG+5KHUI0wYFXOtYPnVVVspTFUuMZNfNaNVRt3FZadstu2c8x23vykRW/NBoU6A==}
    dependencies:
      has: 1.0.3

  /ismobilejs/1.1.1:
    resolution: {integrity: sha512-VaFW53yt8QO61k2WJui0dHf4SlL8lxBofUuUmwBo0ljPk0Drz2TiuDW4jo3wDcv41qy/SxrJ+VAzJ/qYqsmzRw==}
    dev: false

  /local-pkg/0.4.1:
    resolution: {integrity: sha512-lL87ytIGP2FU5PWwNDo0w3WhIo2gopIAxPg9RxDYF7m4rr5ahuZxP22xnJHIvaLTe4Z9P6uKKY2UHiwyB4pcrw==}
    engines: {node: '>=14'}
    dev: false

  /loupe/2.3.4:
    resolution: {integrity: sha512-OvKfgCC2Ndby6aSTREl5aCCPTNIzlDfQZvZxNUrBrihDhL3xcrYegTblhmEiCrg2kKQz4XsFIaemE5BF4ybSaQ==}
    dependencies:
      get-func-name: 2.0.0
    dev: false

  /magic-string/0.25.9:
    resolution: {integrity: sha512-RmF0AsMzgt25qzqqLc1+MbHmhdx0ojF2Fvs4XnOqz2ZOBXzzkEwc/dJQZCYHAn7v1jbVOjAZfK8msRn4BxO4VQ==}
    dependencies:
      sourcemap-codec: 1.4.8

  /nanoid/3.3.4:
    resolution: {integrity: sha512-MqBkQh/OHTS2egovRtLk45wEyNXwF+cokD+1YPf9u5VfJiRdAiRwB2froX5Co9Rh20xs4siNPm8naNotSD6RBw==}
    engines: {node: ^10 || ^12 || ^13.7 || ^14 || >=15.0.1}
    hasBin: true

  /object-assign/4.1.1:
    resolution: {integrity: sha1-IQmtx5ZYh8/AXLvUQsrIv7s2CGM=}
    engines: {node: '>=0.10.0'}
    dev: false

  /path-parse/1.0.7:
    resolution: {integrity: sha512-LDJzPVEEEPR+y48z93A0Ed0yXb8pAByGWo/k5YYdYgpY2/2EsOsksJrq7lOHxryrVOn1ejG6oAp8ahvOIQD8sw==}

  /pathval/1.1.1:
    resolution: {integrity: sha512-Dp6zGqpTdETdR63lehJYPeIOqpiNBNtc7BpWSLrOje7UaIsE5aY92r/AunQA7rsXvet3lrJ3JnZX29UPTKXyKQ==}
    dev: false

  /picocolors/1.0.0:
    resolution: {integrity: sha512-1fygroTLlHu66zi26VoTDv8yRgm0Fccecssto+MhsZ0D/DGW2sm8E8AjW7NU5VVTRt5GxbeZ5qBuJr+HyLYkjQ==}

  /pixi.js/6.3.2:
    resolution: {integrity: sha512-XEF59IQRouXCkTSCwNrNvr08/FY3Dai4lwNdrgh5SLeS4Hmn+lNURq2auM+4lYPfsXtQdpZNdJ5iYrFwP41JvA==}
    dependencies:
      '@pixi/accessibility': 6.3.2_db7bcbf09922a6df5bc80b2003571857
      '@pixi/app': 6.3.2_a69016c65fb53ebef8d047ab5aad6bd7
      '@pixi/compressed-textures': 6.3.2_c00c24b49efde91a089ec64c96e5c898
      '@pixi/constants': 6.3.2
      '@pixi/core': 6.3.2_4257bfb9773fb237c7e267d891c82adf
      '@pixi/display': 6.3.2_e7c4c8a08e39c75fae6fa3e48b20e93d
      '@pixi/extract': 6.3.2_a5e0e2d02b8d7186ddb66e8a0d7ce194
      '@pixi/filter-alpha': 6.3.2_@pixi+core@6.3.2
      '@pixi/filter-blur': 6.3.2_4264d6fdde98fc45cddd22e0ac0b1c96
      '@pixi/filter-color-matrix': 6.3.2_@pixi+core@6.3.2
      '@pixi/filter-displacement': 6.3.2_0a7e8013810db74228122183c7f764b4
      '@pixi/filter-fxaa': 6.3.2_@pixi+core@6.3.2
      '@pixi/filter-noise': 6.3.2_@pixi+core@6.3.2
      '@pixi/graphics': 6.3.2_91c3e6a98984c641b7f084236981bd4d
      '@pixi/interaction': 6.3.2_447a8696a7541776773743f84ebbd865
      '@pixi/loaders': 6.3.2_0a0bbc1ce054ff229190dca69e0494dd
      '@pixi/math': 6.3.2
      '@pixi/mesh': 6.3.2_a9b132a74277d3933ca0f55b2600b29d
      '@pixi/mesh-extras': 6.3.2_47b73efbf373190e82ef014a2149b8bf
      '@pixi/mixin-cache-as-bitmap': 6.3.2_ef2da6c9cbdb9c11512f0f717461a877
      '@pixi/mixin-get-child-by-name': 6.3.2_@pixi+display@6.3.2
      '@pixi/mixin-get-global-position': 6.3.2_0ee9dbe38ff361ef9bd906e815391118
      '@pixi/particle-container': 6.3.2_08d2fb50a3494898be2cd0ac91db5428
      '@pixi/polyfill': 6.3.2
      '@pixi/prepare': 6.3.2_7b8060906a5d8bc45d317bac529187d6
      '@pixi/runner': 6.3.2
      '@pixi/settings': 6.3.2
      '@pixi/sprite': 6.3.2_a9b132a74277d3933ca0f55b2600b29d
      '@pixi/sprite-animated': 6.3.2_aa4c3e73f713f81856b07b197ed3c5bc
      '@pixi/sprite-tiling': 6.3.2_91c3e6a98984c641b7f084236981bd4d
      '@pixi/spritesheet': 6.3.2_8d031731e4641eaf695aec173f39f3f5
      '@pixi/text': 6.3.2_5925f19be581b802712b1aaae0d5afa7
      '@pixi/text-bitmap': 6.3.2_73541f84af5a3f47a48303c3389bd8fd
      '@pixi/ticker': 6.3.2_@pixi+settings@6.3.2
      '@pixi/utils': 6.3.2_cb3fd473ba582823f2dfd3d53c57a4ca
    dev: false

  /postcss/8.4.13:
    resolution: {integrity: sha512-jtL6eTBrza5MPzy8oJLFuUscHDXTV5KcLlqAWHl5q5WYRfnNRGSmOZmOZ1T6Gy7A99mOZfqungmZMpMmCVJ8ZA==}
    engines: {node: ^10 || ^12 || >=14}
    dependencies:
      nanoid: 3.3.4
      picocolors: 1.0.0
      source-map-js: 1.0.2

  /promise-polyfill/8.2.3:
    resolution: {integrity: sha512-Og0+jCRQetV84U8wVjMNccfGCnMQ9mGs9Hv78QFe+pSDD3gWTpz0y+1QCuxy5d/vBFuZ3iwP2eycAkvqIMPmWg==}
    dev: false

  /punycode/1.3.2:
    resolution: {integrity: sha1-llOgNvt8HuQjQvIyXM7v6jkmxI0=}
    dev: false

  /querystring/0.2.0:
    resolution: {integrity: sha1-sgmEkgO7Jd+CDadW50cAWHhSFiA=}
    engines: {node: '>=0.4.x'}
    deprecated: The querystring API is considered Legacy. new code should use the URLSearchParams API instead.
    dev: false

  /resolve/1.22.0:
    resolution: {integrity: sha512-Hhtrw0nLeSrFQ7phPp4OOcVjLPIeMnRlr5mcnVuMe7M/7eBn98A3hmFRLoFo3DLZkivSYwhRUJTyPyWAk56WLw==}
    hasBin: true
    dependencies:
      is-core-module: 2.9.0
      path-parse: 1.0.7
      supports-preserve-symlinks-flag: 1.0.0

  /rollup/2.72.0:
    resolution: {integrity: sha512-KqtR2YcO35/KKijg4nx4STO3569aqCUeGRkKWnJ6r+AvBBrVY9L4pmf4NHVrQr4mTOq6msbohflxr2kpihhaOA==}
    engines: {node: '>=10.0.0'}
    hasBin: true
    optionalDependencies:
      fsevents: 2.3.2

  /source-map-js/1.0.2:
    resolution: {integrity: sha512-R0XvVJ9WusLiqTCEiGCmICCMplcCkIwwR11mOSD9CR5u+IXYdiseeEuXCVAjS54zqwkLcPNnmU4OeJ6tUrWhDw==}
    engines: {node: '>=0.10.0'}

  /source-map/0.6.1:
    resolution: {integrity: sha512-UjgapumWlbMhkBgzT7Ykc5YXUT46F0iKu8SGXq0bcwP5dz/h0Plj6enJqjz1Zbq2l5WaqYnrVbwWOWMyF3F47g==}
    engines: {node: '>=0.10.0'}

  /sourcemap-codec/1.4.8:
    resolution: {integrity: sha512-9NykojV5Uih4lgo5So5dtw+f0JgJX30KCNI8gwhz2J9A15wD0Ml6tjHKwf6fTSa6fAdVBdZeNOs9eJ71qCk8vA==}

  /supports-preserve-symlinks-flag/1.0.0:
    resolution: {integrity: sha512-ot0WnXS9fgdkgIcePe6RHNk1WA8+muPa6cSjeR3V8K27q9BB1rTE3R1p7Hv0z1ZyAc8s6Vvv8DIyWf681MAt0w==}
    engines: {node: '>= 0.4'}

  /tinypool/0.1.3:
    resolution: {integrity: sha512-2IfcQh7CP46XGWGGbdyO4pjcKqsmVqFAPcXfPxcPXmOWt9cYkTP9HcDmGgsfijYoAEc4z9qcpM/BaBz46Y9/CQ==}
    engines: {node: '>=14.0.0'}
    dev: false

  /tinyspy/0.3.2:
    resolution: {integrity: sha512-2+40EP4D3sFYy42UkgkFFB+kiX2Tg3URG/lVvAZFfLxgGpnWl5qQJuBw1gaLttq8UOS+2p3C0WrhJnQigLTT2Q==}
    engines: {node: '>=14.0.0'}
    dev: false

  /type-detect/4.0.8:
    resolution: {integrity: sha512-0fr/mIH1dlO+x7TlcMy+bIDqKPsw/70tVyeHW787goQjhmqaZe10uwLujubK9q9Lg6Fiho1KUKDYz0Z7k7g5/g==}
    engines: {node: '>=4'}
    dev: false

  /typescript/4.6.4:
    resolution: {integrity: sha512-9ia/jWHIEbo49HfjrLGfKbZSuWo9iTMwXO+Ca3pRsSpbsMbc7/IU8NKdCZVRRBafVPGnoJeFL76ZOAA84I9fEg==}
    engines: {node: '>=4.2.0'}
    hasBin: true
    dev: true

  /url/0.11.0:
    resolution: {integrity: sha1-ODjpfPxgUh63PFJajlW/3Z4uKPE=}
    dependencies:
      punycode: 1.3.2
      querystring: 0.2.0
    dev: false

  /vite/2.9.8:
    resolution: {integrity: sha512-zsBGwn5UT3YS0NLSJ7hnR54+vUKfgzMUh/Z9CxF1YKEBVIe213+63jrFLmZphgGI5zXwQCSmqIdbPuE8NJywPw==}
    engines: {node: '>=12.2.0'}
    hasBin: true
    peerDependencies:
      less: '*'
      sass: '*'
      stylus: '*'
    peerDependenciesMeta:
      less:
        optional: true
      sass:
        optional: true
      stylus:
        optional: true
    dependencies:
      esbuild: 0.14.38
      postcss: 8.4.13
      resolve: 1.22.0
      rollup: 2.72.0
    optionalDependencies:
      fsevents: 2.3.2

  /vitest/0.10.5:
    resolution: {integrity: sha512-4qXdNbHwAd9YcsztJoVMWUQGcMATVlY9Xd95I3KQ2JJwDLTL97f/jgfGRotqptvNxdlmme5TBY0Gv+l6+JSYvA==}
    engines: {node: '>=v14.16.0'}
    hasBin: true
    peerDependencies:
      '@vitest/ui': '*'
      c8: '*'
      happy-dom: '*'
      jsdom: '*'
    peerDependenciesMeta:
      '@vitest/ui':
        optional: true
      c8:
        optional: true
      happy-dom:
        optional: true
      jsdom:
        optional: true
    dependencies:
      '@types/chai': 4.3.1
      '@types/chai-subset': 1.3.3
      chai: 4.3.6
      local-pkg: 0.4.1
      tinypool: 0.1.3
      tinyspy: 0.3.2
      vite: 2.9.8
    transitivePeerDependencies:
      - less
      - sass
      - stylus
    dev: false

  /vue-tsc/0.34.11_typescript@4.6.4:
    resolution: {integrity: sha512-5NM4oR8U/c3mTlJ9aNXbXkAGT2bhq+FJpCgZDqOKPpCjW5QDx1BXPC+nrBXNMwg8TRL6pK4fl+x+hrK97Siq/Q==}
    hasBin: true
    peerDependencies:
      typescript: '*'
    dependencies:
      '@volar/vue-typescript': 0.34.11
      typescript: 4.6.4
    dev: true

  /vue/3.2.33:
    resolution: {integrity: sha512-si1ExAlDUrLSIg/V7D/GgA4twJwfsfgG+t9w10z38HhL/HA07132pUQ2KuwAo8qbCyMJ9e6OqrmWrOCr+jW7ZQ==}
    dependencies:
      '@vue/compiler-dom': 3.2.33
      '@vue/compiler-sfc': 3.2.33
      '@vue/runtime-dom': 3.2.33
      '@vue/server-renderer': 3.2.33_vue@3.2.33
      '@vue/shared': 3.2.33
    dev: false
